
Microsoft Visual Studio Solution File, Format Version 12.00
# Visual Studio Version 17
VisualStudioVersion = 17.14.36616.10 d17.14
MinimumVisualStudioVersion = 10.0.40219.1
Project("{FAE04EC0-301F-11D3-BF4B-00C04F79EFBC}") = "01. Sum Adjacent Equal Numbers", "01. Sum Adjacent Equal Numbers\01. Sum Adjacent Equal Numbers.csproj", "{8BAAF8AC-063B-4CFA-BE11-DD910D62A074}"
EndProject
Global
	GlobalSection(SolutionConfigurationPlatforms) = preSolution
		Debug|Any CPU = Debug|Any CPU
		Release|Any CPU = Release|Any CPU
	EndGlobalSection
	GlobalSection(ProjectConfigurationPlatforms) = postSolution
		{8BAAF8AC-063B-4CFA-BE11-DD910D62A074}.Debug|Any CPU.ActiveCfg = Debug|Any CPU
		{8BAAF8AC-063B-4CFA-BE11-DD910D62A074}.Debug|Any CPU.Build.0 = Debug|Any CPU
		{8BAAF8AC-063B-4CFA-BE11-DD910D62A074}.Release|Any CPU.ActiveCfg = Release|Any CPU
		{8BAAF8AC-063B-4CFA-BE11-DD910D62A074}.Release|Any CPU.Build.0 = Release|Any CPU
	EndGlobalSection
	GlobalSection(SolutionProperties) = preSolution
		HideSolutionNode = FALSE
	EndGlobalSection
	GlobalSection(ExtensibilityGlobals) = postSolution
		SolutionGuid = {87F8FDC7-AF2E-4F67-811D-38B4FA47D6D0}
	EndGlobalSection
EndGlobal
