
Microsoft Visual Studio Solution File, Format Version 12.00
# Visual Studio Version 17
VisualStudioVersion = 17.14.36616.10
MinimumVisualStudioVersion = 10.0.40219.1
Project("{FAE04EC0-301F-11D3-BF4B-00C04F79EFBC}") = "01. Sum Adjacent Equal Numbers", "01. Sum Adjacent Equal Numbers\01. Sum Adjacent Equal Numbers.csproj", "{8BAAF8AC-063B-4CFA-BE11-DD910D62A074}"
EndProject
Project("{FAE04EC0-301F-11D3-BF4B-00C04F79EFBC}") = "02. Gauss' Trick", "02. Gauss' Trick\02. Gauss' Trick.csproj", "{238B23DC-F74F-4740-86C7-DC541BE5E786}"
EndProject
Project("{FAE04EC0-301F-11D3-BF4B-00C04F79EFBC}") = "03. Merging Lists", "03. Merging Lists\03. Merging Lists.csproj", "{F4697BE0-022A-4F87-92F3-9AC48BA15C29}"
EndProject
Project("{FAE04EC0-301F-11D3-BF4B-00C04F79EFBC}") = "04. List of Products", "04. List of Products\04. List of Products.csproj", "{FB53C0A0-C2F6-4176-AE09-EF6F6DB1B070}"
EndProject
Project("{FAE04EC0-301F-11D3-BF4B-00C04F79EFBC}") = "05. Remove Negatives and Reverse", "05. Remove Negatives and Reverse\05. Remove Negatives and Reverse.csproj", "{80A866C3-3F08-4847-B480-1EB31BF857BA}"
EndProject
Global
	GlobalSection(SolutionConfigurationPlatforms) = preSolution
		Debug|Any CPU = Debug|Any CPU
		Release|Any CPU = Release|Any CPU
	EndGlobalSection
	GlobalSection(ProjectConfigurationPlatforms) = postSolution
		{8BAAF8AC-063B-4CFA-BE11-DD910D62A074}.Debug|Any CPU.ActiveCfg = Debug|Any CPU
		{8BAAF8AC-063B-4CFA-BE11-DD910D62A074}.Debug|Any CPU.Build.0 = Debug|Any CPU
		{8BAAF8AC-063B-4CFA-BE11-DD910D62A074}.Release|Any CPU.ActiveCfg = Release|Any CPU
		{8BAAF8AC-063B-4CFA-BE11-DD910D62A074}.Release|Any CPU.Build.0 = Release|Any CPU
		{238B23DC-F74F-4740-86C7-DC541BE5E786}.Debug|Any CPU.ActiveCfg = Debug|Any CPU
		{238B23DC-F74F-4740-86C7-DC541BE5E786}.Debug|Any CPU.Build.0 = Debug|Any CPU
		{238B23DC-F74F-4740-86C7-DC541BE5E786}.Release|Any CPU.ActiveCfg = Release|Any CPU
		{238B23DC-F74F-4740-86C7-DC541BE5E786}.Release|Any CPU.Build.0 = Release|Any CPU
		{F4697BE0-022A-4F87-92F3-9AC48BA15C29}.Debug|Any CPU.ActiveCfg = Debug|Any CPU
		{F4697BE0-022A-4F87-92F3-9AC48BA15C29}.Debug|Any CPU.Build.0 = Debug|Any CPU
		{F4697BE0-022A-4F87-92F3-9AC48BA15C29}.Release|Any CPU.ActiveCfg = Release|Any CPU
		{F4697BE0-022A-4F87-92F3-9AC48BA15C29}.Release|Any CPU.Build.0 = Release|Any CPU
		{FB53C0A0-C2F6-4176-AE09-EF6F6DB1B070}.Debug|Any CPU.ActiveCfg = Debug|Any CPU
		{FB53C0A0-C2F6-4176-AE09-EF6F6DB1B070}.Debug|Any CPU.Build.0 = Debug|Any CPU
		{FB53C0A0-C2F6-4176-AE09-EF6F6DB1B070}.Release|Any CPU.ActiveCfg = Release|Any CPU
		{FB53C0A0-C2F6-4176-AE09-EF6F6DB1B070}.Release|Any CPU.Build.0 = Release|Any CPU
		{80A866C3-3F08-4847-B480-1EB31BF857BA}.Debug|Any CPU.ActiveCfg = Debug|Any CPU
		{80A866C3-3F08-4847-B480-1EB31BF857BA}.Debug|Any CPU.Build.0 = Debug|Any CPU
		{80A866C3-3F08-4847-B480-1EB31BF857BA}.Release|Any CPU.ActiveCfg = Release|Any CPU
		{80A866C3-3F08-4847-B480-1EB31BF857BA}.Release|Any CPU.Build.0 = Release|Any CPU
	EndGlobalSection
	GlobalSection(SolutionProperties) = preSolution
		HideSolutionNode = FALSE
	EndGlobalSection
	GlobalSection(ExtensibilityGlobals) = postSolution
		SolutionGuid = {87F8FDC7-AF2E-4F67-811D-38B4FA47D6D0}
	EndGlobalSection
EndGlobal
